// !$*UTF8*$!
{
	archiveVersion = 1;
	classes = {
	};
	objectVersion = 55;
	objects = {

/* Begin PBXBuildFile section */
		2C2C6530A32923E777285396 /* Pods_iChat.framework in Frameworks */ = {isa = PBXBuildFile; fileRef = 4AB05B1B1AE7A784F906D1AF /* Pods_iChat.framework */; };
		3030F7F727A55311005115A2 /* AuthService.swift in Sources */ = {isa = PBXBuildFile; fileRef = 3030F7F627A55311005115A2 /* AuthService.swift */; };
		3030F7F927A55DC3005115A2 /* Validators.swift in Sources */ = {isa = PBXBuildFile; fileRef = 3030F7F827A55DC3005115A2 /* Validators.swift */; };
		3030F7FB27A56173005115A2 /* AuthError.swift in Sources */ = {isa = PBXBuildFile; fileRef = 3030F7FA27A56173005115A2 /* AuthError.swift */; };
		3030F7FE27A5B01D005115A2 /* AuthNavigationDelegate.swift in Sources */ = {isa = PBXBuildFile; fileRef = 3030F7FD27A5B01D005115A2 /* AuthNavigationDelegate.swift */; };
		3030F80027A5B2CA005115A2 /* FirestoreService.swift in Sources */ = {isa = PBXBuildFile; fileRef = 3030F7FF27A5B2CA005115A2 /* FirestoreService.swift */; };
		30B5922727A5BBFE00FB2386 /* UserError.swift in Sources */ = {isa = PBXBuildFile; fileRef = 30B5922627A5BBFE00FB2386 /* UserError.swift */; };
		30D1EA1327A1875600F41690 /* users.json in Resources */ = {isa = PBXBuildFile; fileRef = 30D1EA1227A1875600F41690 /* users.json */; };
		30D1EA1527A1885000F41690 /* MUser.swift in Sources */ = {isa = PBXBuildFile; fileRef = 30D1EA1427A1885000F41690 /* MUser.swift */; };
		30D1EA1727A194FD00F41690 /* UserCell.swift in Sources */ = {isa = PBXBuildFile; fileRef = 30D1EA1627A194FD00F41690 /* UserCell.swift */; };
		30D1EA1A27A1968600F41690 /* UIViewController+Extension.swift in Sources */ = {isa = PBXBuildFile; fileRef = 30D1EA1927A1968600F41690 /* UIViewController+Extension.swift */; };
		30D1EA1C27A2EE5D00F41690 /* ProfileViewController.swift in Sources */ = {isa = PBXBuildFile; fileRef = 30D1EA1B27A2EE5D00F41690 /* ProfileViewController.swift */; };
		30D1EA2027A2F97300F41690 /* InsertableTextField.swift in Sources */ = {isa = PBXBuildFile; fileRef = 30D1EA1F27A2F97300F41690 /* InsertableTextField.swift */; };
		30D1EA2227A3010A00F41690 /* UIView+Extension.swift in Sources */ = {isa = PBXBuildFile; fileRef = 30D1EA2127A3010A00F41690 /* UIView+Extension.swift */; };
		30D1EA2427A307EF00F41690 /* ChatRequestViewController.swift in Sources */ = {isa = PBXBuildFile; fileRef = 30D1EA2327A307EF00F41690 /* ChatRequestViewController.swift */; };
		30D1EA2627A310F100F41690 /* GoogleService-Info.plist in Resources */ = {isa = PBXBuildFile; fileRef = 30D1EA2527A310F100F41690 /* GoogleService-Info.plist */; };
		8408D546279881E700BA4D39 /* activeChats.json in Resources */ = {isa = PBXBuildFile; fileRef = 8408D545279881E700BA4D39 /* activeChats.json */; };
		8408D5482798852200BA4D39 /* waitingChats.json in Resources */ = {isa = PBXBuildFile; fileRef = 8408D5472798852200BA4D39 /* waitingChats.json */; };
		840CCC662798797E00F1142E /* Bundle-Decodable.swift in Sources */ = {isa = PBXBuildFile; fileRef = 840CCC652798797E00F1142E /* Bundle-Decodable.swift */; };
		8426C5402799AC2400DA4BB9 /* ActiveChatCell.swift in Sources */ = {isa = PBXBuildFile; fileRef = 8426C53F2799AC2400DA4BB9 /* ActiveChatCell.swift */; };
		8426C5422799E29300DA4BB9 /* GradientView.swift in Sources */ = {isa = PBXBuildFile; fileRef = 8426C5412799E29300DA4BB9 /* GradientView.swift */; };
		8426C5442799F7CE00DA4BB9 /* WaitingChatCell.swift in Sources */ = {isa = PBXBuildFile; fileRef = 8426C5432799F7CE00DA4BB9 /* WaitingChatCell.swift */; };
		8426C5462799FB2100DA4BB9 /* SelfConfigurationCell.swift in Sources */ = {isa = PBXBuildFile; fileRef = 8426C5452799FB2100DA4BB9 /* SelfConfigurationCell.swift */; };
		8426C5492799FD7900DA4BB9 /* SectionHeader.swift in Sources */ = {isa = PBXBuildFile; fileRef = 8426C5482799FD7800DA4BB9 /* SectionHeader.swift */; };
		8426C54B2799FD9B00DA4BB9 /* MChat.swift in Sources */ = {isa = PBXBuildFile; fileRef = 8426C54A2799FD9B00DA4BB9 /* MChat.swift */; };
		845B588A2796E13900A543B6 /* SignUpViewController.swift in Sources */ = {isa = PBXBuildFile; fileRef = 845B58892796E13900A543B6 /* SignUpViewController.swift */; };
		845B588C2796E53100A543B6 /* OneLineTextField.swift in Sources */ = {isa = PBXBuildFile; fileRef = 845B588B2796E53100A543B6 /* OneLineTextField.swift */; };
		845B588E279707DB00A543B6 /* LoginViewController.swift in Sources */ = {isa = PBXBuildFile; fileRef = 845B588D279707DB00A543B6 /* LoginViewController.swift */; };
		845B589027970FEE00A543B6 /* SetupProfileViewContoller.swift in Sources */ = {isa = PBXBuildFile; fileRef = 845B588F27970FEE00A543B6 /* SetupProfileViewContoller.swift */; };
		845B58922797129300A543B6 /* AddPhotoView.swift in Sources */ = {isa = PBXBuildFile; fileRef = 845B58912797129300A543B6 /* AddPhotoView.swift */; };
		845B5894279725C700A543B6 /* SegmentedControl + Extensions.swift in Sources */ = {isa = PBXBuildFile; fileRef = 845B5893279725C700A543B6 /* SegmentedControl + Extensions.swift */; };
		845B58962797398A00A543B6 /* ListViewController.swift in Sources */ = {isa = PBXBuildFile; fileRef = 845B58952797398A00A543B6 /* ListViewController.swift */; };
		845B589A27973BCE00A543B6 /* MainTabBarController.swift in Sources */ = {isa = PBXBuildFile; fileRef = 845B589927973BCE00A543B6 /* MainTabBarController.swift */; };
		845B589C27973C0500A543B6 /* PeopleViewController.swift in Sources */ = {isa = PBXBuildFile; fileRef = 845B589B27973C0500A543B6 /* PeopleViewController.swift */; };
		84DDBD62279090D6004386DB /* AppDelegate.swift in Sources */ = {isa = PBXBuildFile; fileRef = 84DDBD61279090D6004386DB /* AppDelegate.swift */; };
		84DDBD64279090D6004386DB /* SceneDelegate.swift in Sources */ = {isa = PBXBuildFile; fileRef = 84DDBD63279090D6004386DB /* SceneDelegate.swift */; };
		84DDBD66279090D6004386DB /* AuthViewController.swift in Sources */ = {isa = PBXBuildFile; fileRef = 84DDBD65279090D6004386DB /* AuthViewController.swift */; };
		84DDBD6B279090DA004386DB /* Assets.xcassets in Resources */ = {isa = PBXBuildFile; fileRef = 84DDBD6A279090DA004386DB /* Assets.xcassets */; };
		84DDBD6E279090DA004386DB /* LaunchScreen.storyboard in Resources */ = {isa = PBXBuildFile; fileRef = 84DDBD6C279090DA004386DB /* LaunchScreen.storyboard */; };
		84DDBD7627909F60004386DB /* UIButton + Extension.swift in Sources */ = {isa = PBXBuildFile; fileRef = 84DDBD7527909F60004386DB /* UIButton + Extension.swift */; };
		84DDBD782790A1D4004386DB /* UIFont + Extension.swift in Sources */ = {isa = PBXBuildFile; fileRef = 84DDBD772790A1D4004386DB /* UIFont + Extension.swift */; };
		84DDBD7A2790A29A004386DB /* UIColor + Extension.swift in Sources */ = {isa = PBXBuildFile; fileRef = 84DDBD792790A29A004386DB /* UIColor + Extension.swift */; };
		84DDBD7C2790A7A4004386DB /* UILabel + Extension.swift in Sources */ = {isa = PBXBuildFile; fileRef = 84DDBD7B2790A7A4004386DB /* UILabel + Extension.swift */; };
		84DDBD7E2790A84C004386DB /* UIImageView + Extension.swift in Sources */ = {isa = PBXBuildFile; fileRef = 84DDBD7D2790A84C004386DB /* UIImageView + Extension.swift */; };
		84DDBD822790B131004386DB /* ButtonFormView.swift in Sources */ = {isa = PBXBuildFile; fileRef = 84DDBD812790B131004386DB /* ButtonFormView.swift */; };
		84DDBD842790BA3F004386DB /* StackView + Extension.swift in Sources */ = {isa = PBXBuildFile; fileRef = 84DDBD832790BA3F004386DB /* StackView + Extension.swift */; };
/* End PBXBuildFile section */

/* Begin PBXFileReference section */
		3030F7F627A55311005115A2 /* AuthService.swift */ = {isa = PBXFileReference; lastKnownFileType = sourcecode.swift; path = AuthService.swift; sourceTree = "<group>"; };
		3030F7F827A55DC3005115A2 /* Validators.swift */ = {isa = PBXFileReference; lastKnownFileType = sourcecode.swift; path = Validators.swift; sourceTree = "<group>"; };
		3030F7FA27A56173005115A2 /* AuthError.swift */ = {isa = PBXFileReference; lastKnownFileType = sourcecode.swift; path = AuthError.swift; sourceTree = "<group>"; };
		3030F7FD27A5B01D005115A2 /* AuthNavigationDelegate.swift */ = {isa = PBXFileReference; lastKnownFileType = sourcecode.swift; path = AuthNavigationDelegate.swift; sourceTree = "<group>"; };
		3030F7FF27A5B2CA005115A2 /* FirestoreService.swift */ = {isa = PBXFileReference; lastKnownFileType = sourcecode.swift; path = FirestoreService.swift; sourceTree = "<group>"; };
		30B5922627A5BBFE00FB2386 /* UserError.swift */ = {isa = PBXFileReference; lastKnownFileType = sourcecode.swift; path = UserError.swift; sourceTree = "<group>"; };
		30D1EA1227A1875600F41690 /* users.json */ = {isa = PBXFileReference; fileEncoding = 4; lastKnownFileType = text.json; name = users.json; path = iChat/users.json; sourceTree = SOURCE_ROOT; };
		30D1EA1427A1885000F41690 /* MUser.swift */ = {isa = PBXFileReference; lastKnownFileType = sourcecode.swift; path = MUser.swift; sourceTree = "<group>"; };
		30D1EA1627A194FD00F41690 /* UserCell.swift */ = {isa = PBXFileReference; lastKnownFileType = sourcecode.swift; path = UserCell.swift; sourceTree = "<group>"; };
		30D1EA1927A1968600F41690 /* UIViewController+Extension.swift */ = {isa = PBXFileReference; lastKnownFileType = sourcecode.swift; path = "UIViewController+Extension.swift"; sourceTree = "<group>"; };
		30D1EA1B27A2EE5D00F41690 /* ProfileViewController.swift */ = {isa = PBXFileReference; lastKnownFileType = sourcecode.swift; path = ProfileViewController.swift; sourceTree = "<group>"; };
		30D1EA1F27A2F97300F41690 /* InsertableTextField.swift */ = {isa = PBXFileReference; lastKnownFileType = sourcecode.swift; path = InsertableTextField.swift; sourceTree = "<group>"; };
		30D1EA2127A3010A00F41690 /* UIView+Extension.swift */ = {isa = PBXFileReference; lastKnownFileType = sourcecode.swift; path = "UIView+Extension.swift"; sourceTree = "<group>"; };
		30D1EA2327A307EF00F41690 /* ChatRequestViewController.swift */ = {isa = PBXFileReference; lastKnownFileType = sourcecode.swift; path = ChatRequestViewController.swift; sourceTree = "<group>"; };
		30D1EA2527A310F100F41690 /* GoogleService-Info.plist */ = {isa = PBXFileReference; fileEncoding = 4; lastKnownFileType = text.plist.xml; name = "GoogleService-Info.plist"; path = "../../../Downloads/GoogleService-Info.plist"; sourceTree = "<group>"; };
		4AB05B1B1AE7A784F906D1AF /* Pods_iChat.framework */ = {isa = PBXFileReference; explicitFileType = wrapper.framework; includeInIndex = 0; path = Pods_iChat.framework; sourceTree = BUILT_PRODUCTS_DIR; };
		8408D545279881E700BA4D39 /* activeChats.json */ = {isa = PBXFileReference; fileEncoding = 4; lastKnownFileType = text.json; path = activeChats.json; sourceTree = "<group>"; };
		8408D5472798852200BA4D39 /* waitingChats.json */ = {isa = PBXFileReference; fileEncoding = 4; lastKnownFileType = text.json; name = waitingChats.json; path = iChat/waitingChats.json; sourceTree = SOURCE_ROOT; };
		840CCC652798797E00F1142E /* Bundle-Decodable.swift */ = {isa = PBXFileReference; lastKnownFileType = sourcecode.swift; path = "Bundle-Decodable.swift"; sourceTree = "<group>"; };
		8426C53F2799AC2400DA4BB9 /* ActiveChatCell.swift */ = {isa = PBXFileReference; lastKnownFileType = sourcecode.swift; path = ActiveChatCell.swift; sourceTree = "<group>"; };
		8426C5412799E29300DA4BB9 /* GradientView.swift */ = {isa = PBXFileReference; lastKnownFileType = sourcecode.swift; path = GradientView.swift; sourceTree = "<group>"; };
		8426C5432799F7CE00DA4BB9 /* WaitingChatCell.swift */ = {isa = PBXFileReference; lastKnownFileType = sourcecode.swift; path = WaitingChatCell.swift; sourceTree = "<group>"; };
		8426C5452799FB2100DA4BB9 /* SelfConfigurationCell.swift */ = {isa = PBXFileReference; lastKnownFileType = sourcecode.swift; path = SelfConfigurationCell.swift; sourceTree = "<group>"; };
		8426C5482799FD7800DA4BB9 /* SectionHeader.swift */ = {isa = PBXFileReference; lastKnownFileType = sourcecode.swift; path = SectionHeader.swift; sourceTree = "<group>"; };
		8426C54A2799FD9B00DA4BB9 /* MChat.swift */ = {isa = PBXFileReference; lastKnownFileType = sourcecode.swift; path = MChat.swift; sourceTree = "<group>"; };
		845B58892796E13900A543B6 /* SignUpViewController.swift */ = {isa = PBXFileReference; lastKnownFileType = sourcecode.swift; path = SignUpViewController.swift; sourceTree = "<group>"; };
		845B588B2796E53100A543B6 /* OneLineTextField.swift */ = {isa = PBXFileReference; lastKnownFileType = sourcecode.swift; path = OneLineTextField.swift; sourceTree = "<group>"; };
		845B588D279707DB00A543B6 /* LoginViewController.swift */ = {isa = PBXFileReference; lastKnownFileType = sourcecode.swift; path = LoginViewController.swift; sourceTree = "<group>"; };
		845B588F27970FEE00A543B6 /* SetupProfileViewContoller.swift */ = {isa = PBXFileReference; lastKnownFileType = sourcecode.swift; path = SetupProfileViewContoller.swift; sourceTree = "<group>"; };
		845B58912797129300A543B6 /* AddPhotoView.swift */ = {isa = PBXFileReference; lastKnownFileType = sourcecode.swift; path = AddPhotoView.swift; sourceTree = "<group>"; };
		845B5893279725C700A543B6 /* SegmentedControl + Extensions.swift */ = {isa = PBXFileReference; lastKnownFileType = sourcecode.swift; path = "SegmentedControl + Extensions.swift"; sourceTree = "<group>"; };
		845B58952797398A00A543B6 /* ListViewController.swift */ = {isa = PBXFileReference; lastKnownFileType = sourcecode.swift; path = ListViewController.swift; sourceTree = "<group>"; xcLanguageSpecificationIdentifier = xcode.lang.swift; };
		845B589927973BCE00A543B6 /* MainTabBarController.swift */ = {isa = PBXFileReference; lastKnownFileType = sourcecode.swift; path = MainTabBarController.swift; sourceTree = "<group>"; };
		845B589B27973C0500A543B6 /* PeopleViewController.swift */ = {isa = PBXFileReference; lastKnownFileType = sourcecode.swift; path = PeopleViewController.swift; sourceTree = "<group>"; };
		84DDBD5E279090D6004386DB /* iChat.app */ = {isa = PBXFileReference; explicitFileType = wrapper.application; includeInIndex = 0; path = iChat.app; sourceTree = BUILT_PRODUCTS_DIR; };
		84DDBD61279090D6004386DB /* AppDelegate.swift */ = {isa = PBXFileReference; lastKnownFileType = sourcecode.swift; path = AppDelegate.swift; sourceTree = "<group>"; };
		84DDBD63279090D6004386DB /* SceneDelegate.swift */ = {isa = PBXFileReference; lastKnownFileType = sourcecode.swift; path = SceneDelegate.swift; sourceTree = "<group>"; };
		84DDBD65279090D6004386DB /* AuthViewController.swift */ = {isa = PBXFileReference; lastKnownFileType = sourcecode.swift; path = AuthViewController.swift; sourceTree = "<group>"; };
		84DDBD6A279090DA004386DB /* Assets.xcassets */ = {isa = PBXFileReference; lastKnownFileType = folder.assetcatalog; path = Assets.xcassets; sourceTree = "<group>"; };
		84DDBD6D279090DA004386DB /* Base */ = {isa = PBXFileReference; lastKnownFileType = file.storyboard; name = Base; path = Base.lproj/LaunchScreen.storyboard; sourceTree = "<group>"; };
		84DDBD6F279090DA004386DB /* Info.plist */ = {isa = PBXFileReference; lastKnownFileType = text.plist.xml; path = Info.plist; sourceTree = "<group>"; };
		84DDBD7527909F60004386DB /* UIButton + Extension.swift */ = {isa = PBXFileReference; lastKnownFileType = sourcecode.swift; path = "UIButton + Extension.swift"; sourceTree = "<group>"; };
		84DDBD772790A1D4004386DB /* UIFont + Extension.swift */ = {isa = PBXFileReference; lastKnownFileType = sourcecode.swift; path = "UIFont + Extension.swift"; sourceTree = "<group>"; };
		84DDBD792790A29A004386DB /* UIColor + Extension.swift */ = {isa = PBXFileReference; lastKnownFileType = sourcecode.swift; path = "UIColor + Extension.swift"; sourceTree = "<group>"; };
		84DDBD7B2790A7A4004386DB /* UILabel + Extension.swift */ = {isa = PBXFileReference; lastKnownFileType = sourcecode.swift; path = "UILabel + Extension.swift"; sourceTree = "<group>"; };
		84DDBD7D2790A84C004386DB /* UIImageView + Extension.swift */ = {isa = PBXFileReference; lastKnownFileType = sourcecode.swift; path = "UIImageView + Extension.swift"; sourceTree = "<group>"; };
		84DDBD812790B131004386DB /* ButtonFormView.swift */ = {isa = PBXFileReference; lastKnownFileType = sourcecode.swift; path = ButtonFormView.swift; sourceTree = "<group>"; };
		84DDBD832790BA3F004386DB /* StackView + Extension.swift */ = {isa = PBXFileReference; lastKnownFileType = sourcecode.swift; path = "StackView + Extension.swift"; sourceTree = "<group>"; };
		88F7470712C397219099EB09 /* Pods-iChat.release.xcconfig */ = {isa = PBXFileReference; includeInIndex = 1; lastKnownFileType = text.xcconfig; name = "Pods-iChat.release.xcconfig"; path = "Target Support Files/Pods-iChat/Pods-iChat.release.xcconfig"; sourceTree = "<group>"; };
		B0F2019A668B9CB6C17DE134 /* Pods-iChat.debug.xcconfig */ = {isa = PBXFileReference; includeInIndex = 1; lastKnownFileType = text.xcconfig; name = "Pods-iChat.debug.xcconfig"; path = "Target Support Files/Pods-iChat/Pods-iChat.debug.xcconfig"; sourceTree = "<group>"; };
/* End PBXFileReference section */

/* Begin PBXFrameworksBuildPhase section */
		84DDBD5B279090D6004386DB /* Frameworks */ = {
			isa = PBXFrameworksBuildPhase;
			buildActionMask = 2147483647;
			files = (
				2C2C6530A32923E777285396 /* Pods_iChat.framework in Frameworks */,
			);
			runOnlyForDeploymentPostprocessing = 0;
		};
/* End PBXFrameworksBuildPhase section */

/* Begin PBXGroup section */
		3030F7F527A552D6005115A2 /* Services */ = {
			isa = PBXGroup;
			children = (
				8426C54C2799FDA000DA4BB9 /* Models */,
				3030F7F627A55311005115A2 /* AuthService.swift */,
				3030F7FF27A5B2CA005115A2 /* FirestoreService.swift */,
			);
			path = Services;
			sourceTree = "<group>";
		};
		3030F7FC27A5671C005115A2 /* Helpers */ = {
			isa = PBXGroup;
			children = (
				3030F7F827A55DC3005115A2 /* Validators.swift */,
				3030F7FA27A56173005115A2 /* AuthError.swift */,
				30B5922627A5BBFE00FB2386 /* UserError.swift */,
			);
			path = Helpers;
			sourceTree = "<group>";
		};
		30D1EA1827A195D300F41690 /* Header */ = {
			isa = PBXGroup;
			children = (
				8426C5482799FD7800DA4BB9 /* SectionHeader.swift */,
			);
			path = Header;
			sourceTree = "<group>";
		};
		432C0FFEB1E00831496F3760 /* Pods */ = {
			isa = PBXGroup;
			children = (
				B0F2019A668B9CB6C17DE134 /* Pods-iChat.debug.xcconfig */,
				88F7470712C397219099EB09 /* Pods-iChat.release.xcconfig */,
			);
			path = Pods;
			sourceTree = "<group>";
		};
		6A8360D35AED1A18332BB1C9 /* Frameworks */ = {
			isa = PBXGroup;
			children = (
				4AB05B1B1AE7A784F906D1AF /* Pods_iChat.framework */,
			);
			name = Frameworks;
			sourceTree = "<group>";
		};
		8426C53E2799ABDE00DA4BB9 /* Cell */ = {
			isa = PBXGroup;
			children = (
				8426C53F2799AC2400DA4BB9 /* ActiveChatCell.swift */,
				8426C5432799F7CE00DA4BB9 /* WaitingChatCell.swift */,
				30D1EA1627A194FD00F41690 /* UserCell.swift */,
			);
			path = Cell;
			sourceTree = "<group>";
		};
		8426C5472799FB4A00DA4BB9 /* Protocols */ = {
			isa = PBXGroup;
			children = (
				8426C5452799FB2100DA4BB9 /* SelfConfigurationCell.swift */,
				3030F7FD27A5B01D005115A2 /* AuthNavigationDelegate.swift */,
			);
			path = Protocols;
			sourceTree = "<group>";
		};
		8426C54C2799FDA000DA4BB9 /* Models */ = {
			isa = PBXGroup;
			children = (
				8426C54A2799FD9B00DA4BB9 /* MChat.swift */,
				30D1EA1427A1885000F41690 /* MUser.swift */,
			);
			path = Models;
			sourceTree = "<group>";
		};
		845B589727973B8600A543B6 /* SignIn&Auth */ = {
			isa = PBXGroup;
			children = (
				84DDBD65279090D6004386DB /* AuthViewController.swift */,
				845B58892796E13900A543B6 /* SignUpViewController.swift */,
				845B588D279707DB00A543B6 /* LoginViewController.swift */,
				845B588F27970FEE00A543B6 /* SetupProfileViewContoller.swift */,
			);
			path = "SignIn&Auth";
			sourceTree = "<group>";
		};
		845B589827973BA800A543B6 /* Controllers */ = {
			isa = PBXGroup;
			children = (
				8426C53E2799ABDE00DA4BB9 /* Cell */,
				30D1EA1827A195D300F41690 /* Header */,
				845B589927973BCE00A543B6 /* MainTabBarController.swift */,
				845B58952797398A00A543B6 /* ListViewController.swift */,
				845B589B27973C0500A543B6 /* PeopleViewController.swift */,
				30D1EA1B27A2EE5D00F41690 /* ProfileViewController.swift */,
				30D1EA2327A307EF00F41690 /* ChatRequestViewController.swift */,
			);
			path = Controllers;
			sourceTree = "<group>";
		};
		84DDBD55279090D6004386DB = {
			isa = PBXGroup;
			children = (
				84DDBD60279090D6004386DB /* iChat */,
				84DDBD5F279090D6004386DB /* Products */,
				432C0FFEB1E00831496F3760 /* Pods */,
				6A8360D35AED1A18332BB1C9 /* Frameworks */,
			);
			sourceTree = "<group>";
		};
		84DDBD5F279090D6004386DB /* Products */ = {
			isa = PBXGroup;
			children = (
				84DDBD5E279090D6004386DB /* iChat.app */,
			);
			name = Products;
			sourceTree = "<group>";
		};
		84DDBD60279090D6004386DB /* iChat */ = {
			isa = PBXGroup;
			children = (
				84DDBD61279090D6004386DB /* AppDelegate.swift */,
				84DDBD63279090D6004386DB /* SceneDelegate.swift */,
				845B589827973BA800A543B6 /* Controllers */,
				845B589727973B8600A543B6 /* SignIn&Auth */,
				8426C5472799FB4A00DA4BB9 /* Protocols */,
				3030F7FC27A5671C005115A2 /* Helpers */,
				3030F7F527A552D6005115A2 /* Services */,
				84DDBD802790A981004386DB /* Extensions */,
				84DDBD6A279090DA004386DB /* Assets.xcassets */,
				84DDBD6C279090DA004386DB /* LaunchScreen.storyboard */,
				84DDBD6F279090DA004386DB /* Info.plist */,
				30D1EA2527A310F100F41690 /* GoogleService-Info.plist */,
				8408D545279881E700BA4D39 /* activeChats.json */,
				8408D5472798852200BA4D39 /* waitingChats.json */,
				30D1EA1227A1875600F41690 /* users.json */,
			);
			path = iChat;
			sourceTree = "<group>";
		};
		84DDBD7F2790A975004386DB /* UIKit */ = {
			isa = PBXGroup;
			children = (
				84DDBD7B2790A7A4004386DB /* UILabel + Extension.swift */,
				84DDBD792790A29A004386DB /* UIColor + Extension.swift */,
				84DDBD772790A1D4004386DB /* UIFont + Extension.swift */,
				84DDBD7527909F60004386DB /* UIButton + Extension.swift */,
				84DDBD7D2790A84C004386DB /* UIImageView + Extension.swift */,
				84DDBD832790BA3F004386DB /* StackView + Extension.swift */,
				845B5893279725C700A543B6 /* SegmentedControl + Extensions.swift */,
				30D1EA1927A1968600F41690 /* UIViewController+Extension.swift */,
				30D1EA2127A3010A00F41690 /* UIView+Extension.swift */,
			);
			path = UIKit;
			sourceTree = "<group>";
		};
		84DDBD802790A981004386DB /* Extensions */ = {
			isa = PBXGroup;
			children = (
				845B58912797129300A543B6 /* AddPhotoView.swift */,
				84DDBD812790B131004386DB /* ButtonFormView.swift */,
				8426C5412799E29300DA4BB9 /* GradientView.swift */,
				845B588B2796E53100A543B6 /* OneLineTextField.swift */,
				840CCC652798797E00F1142E /* Bundle-Decodable.swift */,
				30D1EA1F27A2F97300F41690 /* InsertableTextField.swift */,
				84DDBD7F2790A975004386DB /* UIKit */,
			);
			path = Extensions;
			sourceTree = "<group>";
		};
/* End PBXGroup section */

/* Begin PBXNativeTarget section */
		84DDBD5D279090D6004386DB /* iChat */ = {
			isa = PBXNativeTarget;
			buildConfigurationList = 84DDBD72279090DA004386DB /* Build configuration list for PBXNativeTarget "iChat" */;
			buildPhases = (
				9A98E91585BE9AAF6145CD80 /* [CP] Check Pods Manifest.lock */,
				84DDBD5A279090D6004386DB /* Sources */,
				84DDBD5B279090D6004386DB /* Frameworks */,
				84DDBD5C279090D6004386DB /* Resources */,
				0BFB26A27405A2D520C5A3FA /* [CP] Embed Pods Frameworks */,
			);
			buildRules = (
			);
			dependencies = (
			);
			name = iChat;
			productName = iChat;
			productReference = 84DDBD5E279090D6004386DB /* iChat.app */;
			productType = "com.apple.product-type.application";
		};
/* End PBXNativeTarget section */

/* Begin PBXProject section */
		84DDBD56279090D6004386DB /* Project object */ = {
			isa = PBXProject;
			attributes = {
				BuildIndependentTargetsInParallel = 1;
				LastSwiftUpdateCheck = 1310;
				LastUpgradeCheck = 1310;
				TargetAttributes = {
					84DDBD5D279090D6004386DB = {
						CreatedOnToolsVersion = 13.1;
					};
				};
			};
			buildConfigurationList = 84DDBD59279090D6004386DB /* Build configuration list for PBXProject "iChat" */;
			compatibilityVersion = "Xcode 13.0";
			developmentRegion = en;
			hasScannedForEncodings = 0;
			knownRegions = (
				en,
				Base,
			);
			mainGroup = 84DDBD55279090D6004386DB;
			productRefGroup = 84DDBD5F279090D6004386DB /* Products */;
			projectDirPath = "";
			projectRoot = "";
			targets = (
				84DDBD5D279090D6004386DB /* iChat */,
			);
		};
/* End PBXProject section */

/* Begin PBXResourcesBuildPhase section */
		84DDBD5C279090D6004386DB /* Resources */ = {
			isa = PBXResourcesBuildPhase;
			buildActionMask = 2147483647;
			files = (
				30D1EA1327A1875600F41690 /* users.json in Resources */,
				84DDBD6E279090DA004386DB /* LaunchScreen.storyboard in Resources */,
				8408D546279881E700BA4D39 /* activeChats.json in Resources */,
				84DDBD6B279090DA004386DB /* Assets.xcassets in Resources */,
				8408D5482798852200BA4D39 /* waitingChats.json in Resources */,
				30D1EA2627A310F100F41690 /* GoogleService-Info.plist in Resources */,
			);
			runOnlyForDeploymentPostprocessing = 0;
		};
/* End PBXResourcesBuildPhase section */

/* Begin PBXShellScriptBuildPhase section */
		0BFB26A27405A2D520C5A3FA /* [CP] Embed Pods Frameworks */ = {
			isa = PBXShellScriptBuildPhase;
			buildActionMask = 2147483647;
			files = (
			);
			inputFileListPaths = (
				"${PODS_ROOT}/Target Support Files/Pods-iChat/Pods-iChat-frameworks-${CONFIGURATION}-input-files.xcfilelist",
			);
			name = "[CP] Embed Pods Frameworks";
			outputFileListPaths = (
				"${PODS_ROOT}/Target Support Files/Pods-iChat/Pods-iChat-frameworks-${CONFIGURATION}-output-files.xcfilelist",
			);
			runOnlyForDeploymentPostprocessing = 0;
			shellPath = /bin/sh;
			shellScript = "\"${PODS_ROOT}/Target Support Files/Pods-iChat/Pods-iChat-frameworks.sh\"\n";
			showEnvVarsInLog = 0;
		};
		9A98E91585BE9AAF6145CD80 /* [CP] Check Pods Manifest.lock */ = {
			isa = PBXShellScriptBuildPhase;
			buildActionMask = 2147483647;
			files = (
			);
			inputFileListPaths = (
			);
			inputPaths = (
				"${PODS_PODFILE_DIR_PATH}/Podfile.lock",
				"${PODS_ROOT}/Manifest.lock",
			);
			name = "[CP] Check Pods Manifest.lock";
			outputFileListPaths = (
			);
			outputPaths = (
				"$(DERIVED_FILE_DIR)/Pods-iChat-checkManifestLockResult.txt",
			);
			runOnlyForDeploymentPostprocessing = 0;
			shellPath = /bin/sh;
			shellScript = "diff \"${PODS_PODFILE_DIR_PATH}/Podfile.lock\" \"${PODS_ROOT}/Manifest.lock\" > /dev/null\nif [ $? != 0 ] ; then\n    # print error to STDERR\n    echo \"error: The sandbox is not in sync with the Podfile.lock. Run 'pod install' or update your CocoaPods installation.\" >&2\n    exit 1\nfi\n# This output is used by Xcode 'outputs' to avoid re-running this script phase.\necho \"SUCCESS\" > \"${SCRIPT_OUTPUT_FILE_0}\"\n";
			showEnvVarsInLog = 0;
		};
/* End PBXShellScriptBuildPhase section */

/* Begin PBXSourcesBuildPhase section */
		84DDBD5A279090D6004386DB /* Sources */ = {
			isa = PBXSourcesBuildPhase;
			buildActionMask = 2147483647;
			files = (
				845B58962797398A00A543B6 /* ListViewController.swift in Sources */,
				845B588C2796E53100A543B6 /* OneLineTextField.swift in Sources */,
				8426C5492799FD7900DA4BB9 /* SectionHeader.swift in Sources */,
				8426C5422799E29300DA4BB9 /* GradientView.swift in Sources */,
				30D1EA1A27A1968600F41690 /* UIViewController+Extension.swift in Sources */,
				845B589A27973BCE00A543B6 /* MainTabBarController.swift in Sources */,
				3030F7FB27A56173005115A2 /* AuthError.swift in Sources */,
				845B588A2796E13900A543B6 /* SignUpViewController.swift in Sources */,
				8426C5402799AC2400DA4BB9 /* ActiveChatCell.swift in Sources */,
				3030F7F927A55DC3005115A2 /* Validators.swift in Sources */,
				84DDBD782790A1D4004386DB /* UIFont + Extension.swift in Sources */,
				845B589C27973C0500A543B6 /* PeopleViewController.swift in Sources */,
				3030F7FE27A5B01D005115A2 /* AuthNavigationDelegate.swift in Sources */,
				30D1EA2027A2F97300F41690 /* InsertableTextField.swift in Sources */,
				84DDBD66279090D6004386DB /* AuthViewController.swift in Sources */,
				840CCC662798797E00F1142E /* Bundle-Decodable.swift in Sources */,
				30D1EA1C27A2EE5D00F41690 /* ProfileViewController.swift in Sources */,
				3030F80027A5B2CA005115A2 /* FirestoreService.swift in Sources */,
				84DDBD62279090D6004386DB /* AppDelegate.swift in Sources */,
				30D1EA2427A307EF00F41690 /* ChatRequestViewController.swift in Sources */,
				84DDBD822790B131004386DB /* ButtonFormView.swift in Sources */,
				30D1EA1527A1885000F41690 /* MUser.swift in Sources */,
				845B5894279725C700A543B6 /* SegmentedControl + Extensions.swift in Sources */,
				30B5922727A5BBFE00FB2386 /* UserError.swift in Sources */,
				30D1EA2227A3010A00F41690 /* UIView+Extension.swift in Sources */,
				84DDBD7C2790A7A4004386DB /* UILabel + Extension.swift in Sources */,
				8426C54B2799FD9B00DA4BB9 /* MChat.swift in Sources */,
				845B58922797129300A543B6 /* AddPhotoView.swift in Sources */,
				84DDBD7E2790A84C004386DB /* UIImageView + Extension.swift in Sources */,
				8426C5462799FB2100DA4BB9 /* SelfConfigurationCell.swift in Sources */,
				30D1EA1727A194FD00F41690 /* UserCell.swift in Sources */,
				84DDBD7A2790A29A004386DB /* UIColor + Extension.swift in Sources */,
				8426C5442799F7CE00DA4BB9 /* WaitingChatCell.swift in Sources */,
				84DDBD64279090D6004386DB /* SceneDelegate.swift in Sources */,
				84DDBD7627909F60004386DB /* UIButton + Extension.swift in Sources */,
				845B589027970FEE00A543B6 /* SetupProfileViewContoller.swift in Sources */,
				3030F7F727A55311005115A2 /* AuthService.swift in Sources */,
				845B588E279707DB00A543B6 /* LoginViewController.swift in Sources */,
				84DDBD842790BA3F004386DB /* StackView + Extension.swift in Sources */,
			);
			runOnlyForDeploymentPostprocessing = 0;
		};
/* End PBXSourcesBuildPhase section */

/* Begin PBXVariantGroup section */
		84DDBD6C279090DA004386DB /* LaunchScreen.storyboard */ = {
			isa = PBXVariantGroup;
			children = (
				84DDBD6D279090DA004386DB /* Base */,
			);
			name = LaunchScreen.storyboard;
			sourceTree = "<group>";
		};
/* End PBXVariantGroup section */

/* Begin XCBuildConfiguration section */
		84DDBD70279090DA004386DB /* Debug */ = {
			isa = XCBuildConfiguration;
			buildSettings = {
				ALWAYS_SEARCH_USER_PATHS = NO;
				CLANG_ANALYZER_NONNULL = YES;
				CLANG_ANALYZER_NUMBER_OBJECT_CONVERSION = YES_AGGRESSIVE;
				CLANG_CXX_LANGUAGE_STANDARD = "gnu++17";
				CLANG_CXX_LIBRARY = "libc++";
				CLANG_ENABLE_MODULES = YES;
				CLANG_ENABLE_OBJC_ARC = YES;
				CLANG_ENABLE_OBJC_WEAK = YES;
				CLANG_WARN_BLOCK_CAPTURE_AUTORELEASING = YES;
				CLANG_WARN_BOOL_CONVERSION = YES;
				CLANG_WARN_COMMA = YES;
				CLANG_WARN_CONSTANT_CONVERSION = YES;
				CLANG_WARN_DEPRECATED_OBJC_IMPLEMENTATIONS = YES;
				CLANG_WARN_DIRECT_OBJC_ISA_USAGE = YES_ERROR;
				CLANG_WARN_DOCUMENTATION_COMMENTS = YES;
				CLANG_WARN_EMPTY_BODY = YES;
				CLANG_WARN_ENUM_CONVERSION = YES;
				CLANG_WARN_INFINITE_RECURSION = YES;
				CLANG_WARN_INT_CONVERSION = YES;
				CLANG_WARN_NON_LITERAL_NULL_CONVERSION = YES;
				CLANG_WARN_OBJC_IMPLICIT_RETAIN_SELF = YES;
				CLANG_WARN_OBJC_LITERAL_CONVERSION = YES;
				CLANG_WARN_OBJC_ROOT_CLASS = YES_ERROR;
				CLANG_WARN_QUOTED_INCLUDE_IN_FRAMEWORK_HEADER = YES;
				CLANG_WARN_RANGE_LOOP_ANALYSIS = YES;
				CLANG_WARN_STRICT_PROTOTYPES = YES;
				CLANG_WARN_SUSPICIOUS_MOVE = YES;
				CLANG_WARN_UNGUARDED_AVAILABILITY = YES_AGGRESSIVE;
				CLANG_WARN_UNREACHABLE_CODE = YES;
				CLANG_WARN__DUPLICATE_METHOD_MATCH = YES;
				COPY_PHASE_STRIP = NO;
				DEBUG_INFORMATION_FORMAT = dwarf;
				ENABLE_STRICT_OBJC_MSGSEND = YES;
				ENABLE_TESTABILITY = YES;
				GCC_C_LANGUAGE_STANDARD = gnu11;
				GCC_DYNAMIC_NO_PIC = NO;
				GCC_NO_COMMON_BLOCKS = YES;
				GCC_OPTIMIZATION_LEVEL = 0;
				GCC_PREPROCESSOR_DEFINITIONS = (
					"DEBUG=1",
					"$(inherited)",
				);
				GCC_WARN_64_TO_32_BIT_CONVERSION = YES;
				GCC_WARN_ABOUT_RETURN_TYPE = YES_ERROR;
				GCC_WARN_UNDECLARED_SELECTOR = YES;
				GCC_WARN_UNINITIALIZED_AUTOS = YES_AGGRESSIVE;
				GCC_WARN_UNUSED_FUNCTION = YES;
				GCC_WARN_UNUSED_VARIABLE = YES;
				IPHONEOS_DEPLOYMENT_TARGET = 15.0;
				MTL_ENABLE_DEBUG_INFO = INCLUDE_SOURCE;
				MTL_FAST_MATH = YES;
				ONLY_ACTIVE_ARCH = YES;
				SDKROOT = iphoneos;
				SWIFT_ACTIVE_COMPILATION_CONDITIONS = DEBUG;
				SWIFT_OPTIMIZATION_LEVEL = "-Onone";
			};
			name = Debug;
		};
		84DDBD71279090DA004386DB /* Release */ = {
			isa = XCBuildConfiguration;
			buildSettings = {
				ALWAYS_SEARCH_USER_PATHS = NO;
				CLANG_ANALYZER_NONNULL = YES;
				CLANG_ANALYZER_NUMBER_OBJECT_CONVERSION = YES_AGGRESSIVE;
				CLANG_CXX_LANGUAGE_STANDARD = "gnu++17";
				CLANG_CXX_LIBRARY = "libc++";
				CLANG_ENABLE_MODULES = YES;
				CLANG_ENABLE_OBJC_ARC = YES;
				CLANG_ENABLE_OBJC_WEAK = YES;
				CLANG_WARN_BLOCK_CAPTURE_AUTORELEASING = YES;
				CLANG_WARN_BOOL_CONVERSION = YES;
				CLANG_WARN_COMMA = YES;
				CLANG_WARN_CONSTANT_CONVERSION = YES;
				CLANG_WARN_DEPRECATED_OBJC_IMPLEMENTATIONS = YES;
				CLANG_WARN_DIRECT_OBJC_ISA_USAGE = YES_ERROR;
				CLANG_WARN_DOCUMENTATION_COMMENTS = YES;
				CLANG_WARN_EMPTY_BODY = YES;
				CLANG_WARN_ENUM_CONVERSION = YES;
				CLANG_WARN_INFINITE_RECURSION = YES;
				CLANG_WARN_INT_CONVERSION = YES;
				CLANG_WARN_NON_LITERAL_NULL_CONVERSION = YES;
				CLANG_WARN_OBJC_IMPLICIT_RETAIN_SELF = YES;
				CLANG_WARN_OBJC_LITERAL_CONVERSION = YES;
				CLANG_WARN_OBJC_ROOT_CLASS = YES_ERROR;
				CLANG_WARN_QUOTED_INCLUDE_IN_FRAMEWORK_HEADER = YES;
				CLANG_WARN_RANGE_LOOP_ANALYSIS = YES;
				CLANG_WARN_STRICT_PROTOTYPES = YES;
				CLANG_WARN_SUSPICIOUS_MOVE = YES;
				CLANG_WARN_UNGUARDED_AVAILABILITY = YES_AGGRESSIVE;
				CLANG_WARN_UNREACHABLE_CODE = YES;
				CLANG_WARN__DUPLICATE_METHOD_MATCH = YES;
				COPY_PHASE_STRIP = NO;
				DEBUG_INFORMATION_FORMAT = "dwarf-with-dsym";
				ENABLE_NS_ASSERTIONS = NO;
				ENABLE_STRICT_OBJC_MSGSEND = YES;
				GCC_C_LANGUAGE_STANDARD = gnu11;
				GCC_NO_COMMON_BLOCKS = YES;
				GCC_WARN_64_TO_32_BIT_CONVERSION = YES;
				GCC_WARN_ABOUT_RETURN_TYPE = YES_ERROR;
				GCC_WARN_UNDECLARED_SELECTOR = YES;
				GCC_WARN_UNINITIALIZED_AUTOS = YES_AGGRESSIVE;
				GCC_WARN_UNUSED_FUNCTION = YES;
				GCC_WARN_UNUSED_VARIABLE = YES;
				IPHONEOS_DEPLOYMENT_TARGET = 15.0;
				MTL_ENABLE_DEBUG_INFO = NO;
				MTL_FAST_MATH = YES;
				SDKROOT = iphoneos;
				SWIFT_COMPILATION_MODE = wholemodule;
				SWIFT_OPTIMIZATION_LEVEL = "-O";
				VALIDATE_PRODUCT = YES;
			};
			name = Release;
		};
		84DDBD73279090DA004386DB /* Debug */ = {
			isa = XCBuildConfiguration;
			baseConfigurationReference = B0F2019A668B9CB6C17DE134 /* Pods-iChat.debug.xcconfig */;
			buildSettings = {
				ASSETCATALOG_COMPILER_APPICON_NAME = AppIcon;
				ASSETCATALOG_NOTICES = YES;
				ASSETCATALOG_WARNINGS = YES;
				CODE_SIGN_STYLE = Automatic;
				CURRENT_PROJECT_VERSION = 1;
				DEVELOPMENT_TEAM = H2ZR2YRU7M;
				GENERATE_INFOPLIST_FILE = YES;
				INFOPLIST_FILE = iChat/Info.plist;
				INFOPLIST_KEY_UIApplicationSupportsIndirectInputEvents = YES;
				INFOPLIST_KEY_UILaunchStoryboardName = LaunchScreen;
				INFOPLIST_KEY_UIStatusBarHidden = NO;
				INFOPLIST_KEY_UISupportedInterfaceOrientations = UIInterfaceOrientationPortrait;
				INFOPLIST_KEY_UISupportedInterfaceOrientations_iPad = "UIInterfaceOrientationPortrait UIInterfaceOrientationPortraitUpsideDown UIInterfaceOrientationLandscapeLeft UIInterfaceOrientationLandscapeRight";
				INFOPLIST_KEY_UISupportedInterfaceOrientations_iPhone = "UIInterfaceOrientationPortrait UIInterfaceOrientationLandscapeLeft UIInterfaceOrientationLandscapeRight";
				LD_RUNPATH_SEARCH_PATHS = (
					"$(inherited)",
					"@executable_path/Frameworks",
				);
				MARKETING_VERSION = 1.0;
				PRODUCT_BUNDLE_IDENTIFIER = ru.vigenjiwork.iChat;
				PRODUCT_NAME = "$(TARGET_NAME)";
				SWIFT_EMIT_LOC_STRINGS = YES;
				SWIFT_VERSION = 5.0;
				TARGETED_DEVICE_FAMILY = 1;
			};
			name = Debug;
		};
		84DDBD74279090DA004386DB /* Release */ = {
			isa = XCBuildConfiguration;
			baseConfigurationReference = 88F7470712C397219099EB09 /* Pods-iChat.release.xcconfig */;
			buildSettings = {
				ASSETCATALOG_COMPILER_APPICON_NAME = AppIcon;
				ASSETCATALOG_NOTICES = YES;
				ASSETCATALOG_WARNINGS = YES;
				CODE_SIGN_STYLE = Automatic;
				CURRENT_PROJECT_VERSION = 1;
				DEVELOPMENT_TEAM = H2ZR2YRU7M;
				GENERATE_INFOPLIST_FILE = YES;
				INFOPLIST_FILE = iChat/Info.plist;
				INFOPLIST_KEY_UIApplicationSupportsIndirectInputEvents = YES;
				INFOPLIST_KEY_UILaunchStoryboardName = LaunchScreen;
				INFOPLIST_KEY_UIStatusBarHidden = NO;
				INFOPLIST_KEY_UISupportedInterfaceOrientations = UIInterfaceOrientationPortrait;
				INFOPLIST_KEY_UISupportedInterfaceOrientations_iPad = "UIInterfaceOrientationPortrait UIInterfaceOrientationPortraitUpsideDown UIInterfaceOrientationLandscapeLeft UIInterfaceOrientationLandscapeRight";
				INFOPLIST_KEY_UISupportedInterfaceOrientations_iPhone = "UIInterfaceOrientationPortrait UIInterfaceOrientationLandscapeLeft UIInterfaceOrientationLandscapeRight";
				LD_RUNPATH_SEARCH_PATHS = (
					"$(inherited)",
					"@executable_path/Frameworks",
				);
				MARKETING_VERSION = 1.0;
				PRODUCT_BUNDLE_IDENTIFIER = ru.vigenjiwork.iChat;
				PRODUCT_NAME = "$(TARGET_NAME)";
				SWIFT_EMIT_LOC_STRINGS = YES;
				SWIFT_VERSION = 5.0;
				TARGETED_DEVICE_FAMILY = 1;
			};
			name = Release;
		};
/* End XCBuildConfiguration section */

/* Begin XCConfigurationList section */
		84DDBD59279090D6004386DB /* Build configuration list for PBXProject "iChat" */ = {
			isa = XCConfigurationList;
			buildConfigurations = (
				84DDBD70279090DA004386DB /* Debug */,
				84DDBD71279090DA004386DB /* Release */,
			);
			defaultConfigurationIsVisible = 0;
			defaultConfigurationName = Release;
		};
		84DDBD72279090DA004386DB /* Build configuration list for PBXNativeTarget "iChat" */ = {
			isa = XCConfigurationList;
			buildConfigurations = (
				84DDBD73279090DA004386DB /* Debug */,
				84DDBD74279090DA004386DB /* Release */,
			);
			defaultConfigurationIsVisible = 0;
			defaultConfigurationName = Release;
		};
/* End XCConfigurationList section */
	};
	rootObject = 84DDBD56279090D6004386DB /* Project object */;
}
