// !$*UTF8*$!
{
	archiveVersion = 1;
	classes = {
	};
	objectVersion = 55;
	objects = {

/* Begin PBXBuildFile section */
		845B588A2796E13900A543B6 /* SignUpViewController.swift in Sources */ = {isa = PBXBuildFile; fileRef = 845B58892796E13900A543B6 /* SignUpViewController.swift */; };
		845B588C2796E53100A543B6 /* OneLineTextField.swift in Sources */ = {isa = PBXBuildFile; fileRef = 845B588B2796E53100A543B6 /* OneLineTextField.swift */; };
		845B588E279707DB00A543B6 /* LoginViewController.swift in Sources */ = {isa = PBXBuildFile; fileRef = 845B588D279707DB00A543B6 /* LoginViewController.swift */; };
		845B589027970FEE00A543B6 /* SetupProfileViewContoller.swift in Sources */ = {isa = PBXBuildFile; fileRef = 845B588F27970FEE00A543B6 /* SetupProfileViewContoller.swift */; };
		845B58922797129300A543B6 /* AddPhotoView.swift in Sources */ = {isa = PBXBuildFile; fileRef = 845B58912797129300A543B6 /* AddPhotoView.swift */; };
		845B5894279725C700A543B6 /* SegmentedControl + Extensions.swift in Sources */ = {isa = PBXBuildFile; fileRef = 845B5893279725C700A543B6 /* SegmentedControl + Extensions.swift */; };
		845B58962797398A00A543B6 /* ListViewController.swift in Sources */ = {isa = PBXBuildFile; fileRef = 845B58952797398A00A543B6 /* ListViewController.swift */; };
		845B589A27973BCE00A543B6 /* MainTabBarController.swift in Sources */ = {isa = PBXBuildFile; fileRef = 845B589927973BCE00A543B6 /* MainTabBarController.swift */; };
		845B589C27973C0500A543B6 /* PeopleViewController.swift in Sources */ = {isa = PBXBuildFile; fileRef = 845B589B27973C0500A543B6 /* PeopleViewController.swift */; };
		84DDBD62279090D6004386DB /* AppDelegate.swift in Sources */ = {isa = PBXBuildFile; fileRef = 84DDBD61279090D6004386DB /* AppDelegate.swift */; };
		84DDBD64279090D6004386DB /* SceneDelegate.swift in Sources */ = {isa = PBXBuildFile; fileRef = 84DDBD63279090D6004386DB /* SceneDelegate.swift */; };
		84DDBD66279090D6004386DB /* AuthViewController.swift in Sources */ = {isa = PBXBuildFile; fileRef = 84DDBD65279090D6004386DB /* AuthViewController.swift */; };
		84DDBD6B279090DA004386DB /* Assets.xcassets in Resources */ = {isa = PBXBuildFile; fileRef = 84DDBD6A279090DA004386DB /* Assets.xcassets */; };
		84DDBD6E279090DA004386DB /* LaunchScreen.storyboard in Resources */ = {isa = PBXBuildFile; fileRef = 84DDBD6C279090DA004386DB /* LaunchScreen.storyboard */; };
		84DDBD7627909F60004386DB /* UIButton + Extension.swift in Sources */ = {isa = PBXBuildFile; fileRef = 84DDBD7527909F60004386DB /* UIButton + Extension.swift */; };
		84DDBD782790A1D4004386DB /* UIFont + Extension.swift in Sources */ = {isa = PBXBuildFile; fileRef = 84DDBD772790A1D4004386DB /* UIFont + Extension.swift */; };
		84DDBD7A2790A29A004386DB /* UIColor + Extension.swift in Sources */ = {isa = PBXBuildFile; fileRef = 84DDBD792790A29A004386DB /* UIColor + Extension.swift */; };
		84DDBD7C2790A7A4004386DB /* UILabel + Extension.swift in Sources */ = {isa = PBXBuildFile; fileRef = 84DDBD7B2790A7A4004386DB /* UILabel + Extension.swift */; };
		84DDBD7E2790A84C004386DB /* UIImageView + Extension.swift in Sources */ = {isa = PBXBuildFile; fileRef = 84DDBD7D2790A84C004386DB /* UIImageView + Extension.swift */; };
		84DDBD822790B131004386DB /* ButtonFormView.swift in Sources */ = {isa = PBXBuildFile; fileRef = 84DDBD812790B131004386DB /* ButtonFormView.swift */; };
		84DDBD842790BA3F004386DB /* StackView + Extension.swift in Sources */ = {isa = PBXBuildFile; fileRef = 84DDBD832790BA3F004386DB /* StackView + Extension.swift */; };
/* End PBXBuildFile section */

/* Begin PBXFileReference section */
		845B58892796E13900A543B6 /* SignUpViewController.swift */ = {isa = PBXFileReference; lastKnownFileType = sourcecode.swift; path = SignUpViewController.swift; sourceTree = "<group>"; };
		845B588B2796E53100A543B6 /* OneLineTextField.swift */ = {isa = PBXFileReference; lastKnownFileType = sourcecode.swift; path = OneLineTextField.swift; sourceTree = "<group>"; };
		845B588D279707DB00A543B6 /* LoginViewController.swift */ = {isa = PBXFileReference; lastKnownFileType = sourcecode.swift; path = LoginViewController.swift; sourceTree = "<group>"; };
		845B588F27970FEE00A543B6 /* SetupProfileViewContoller.swift */ = {isa = PBXFileReference; lastKnownFileType = sourcecode.swift; path = SetupProfileViewContoller.swift; sourceTree = "<group>"; };
		845B58912797129300A543B6 /* AddPhotoView.swift */ = {isa = PBXFileReference; lastKnownFileType = sourcecode.swift; path = AddPhotoView.swift; sourceTree = "<group>"; };
		845B5893279725C700A543B6 /* SegmentedControl + Extensions.swift */ = {isa = PBXFileReference; lastKnownFileType = sourcecode.swift; path = "SegmentedControl + Extensions.swift"; sourceTree = "<group>"; };
		845B58952797398A00A543B6 /* ListViewController.swift */ = {isa = PBXFileReference; lastKnownFileType = sourcecode.swift; path = ListViewController.swift; sourceTree = "<group>"; };
		845B589927973BCE00A543B6 /* MainTabBarController.swift */ = {isa = PBXFileReference; lastKnownFileType = sourcecode.swift; path = MainTabBarController.swift; sourceTree = "<group>"; };
		845B589B27973C0500A543B6 /* PeopleViewController.swift */ = {isa = PBXFileReference; lastKnownFileType = sourcecode.swift; path = PeopleViewController.swift; sourceTree = "<group>"; };
		84DDBD5E279090D6004386DB /* iChat.app */ = {isa = PBXFileReference; explicitFileType = wrapper.application; includeInIndex = 0; path = iChat.app; sourceTree = BUILT_PRODUCTS_DIR; };
		84DDBD61279090D6004386DB /* AppDelegate.swift */ = {isa = PBXFileReference; lastKnownFileType = sourcecode.swift; path = AppDelegate.swift; sourceTree = "<group>"; };
		84DDBD63279090D6004386DB /* SceneDelegate.swift */ = {isa = PBXFileReference; lastKnownFileType = sourcecode.swift; path = SceneDelegate.swift; sourceTree = "<group>"; };
		84DDBD65279090D6004386DB /* AuthViewController.swift */ = {isa = PBXFileReference; lastKnownFileType = sourcecode.swift; path = AuthViewController.swift; sourceTree = "<group>"; };
		84DDBD6A279090DA004386DB /* Assets.xcassets */ = {isa = PBXFileReference; lastKnownFileType = folder.assetcatalog; path = Assets.xcassets; sourceTree = "<group>"; };
		84DDBD6D279090DA004386DB /* Base */ = {isa = PBXFileReference; lastKnownFileType = file.storyboard; name = Base; path = Base.lproj/LaunchScreen.storyboard; sourceTree = "<group>"; };
		84DDBD6F279090DA004386DB /* Info.plist */ = {isa = PBXFileReference; lastKnownFileType = text.plist.xml; path = Info.plist; sourceTree = "<group>"; };
		84DDBD7527909F60004386DB /* UIButton + Extension.swift */ = {isa = PBXFileReference; lastKnownFileType = sourcecode.swift; path = "UIButton + Extension.swift"; sourceTree = "<group>"; };
		84DDBD772790A1D4004386DB /* UIFont + Extension.swift */ = {isa = PBXFileReference; lastKnownFileType = sourcecode.swift; path = "UIFont + Extension.swift"; sourceTree = "<group>"; };
		84DDBD792790A29A004386DB /* UIColor + Extension.swift */ = {isa = PBXFileReference; lastKnownFileType = sourcecode.swift; path = "UIColor + Extension.swift"; sourceTree = "<group>"; };
		84DDBD7B2790A7A4004386DB /* UILabel + Extension.swift */ = {isa = PBXFileReference; lastKnownFileType = sourcecode.swift; path = "UILabel + Extension.swift"; sourceTree = "<group>"; };
		84DDBD7D2790A84C004386DB /* UIImageView + Extension.swift */ = {isa = PBXFileReference; lastKnownFileType = sourcecode.swift; path = "UIImageView + Extension.swift"; sourceTree = "<group>"; };
		84DDBD812790B131004386DB /* ButtonFormView.swift */ = {isa = PBXFileReference; lastKnownFileType = sourcecode.swift; path = ButtonFormView.swift; sourceTree = "<group>"; };
		84DDBD832790BA3F004386DB /* StackView + Extension.swift */ = {isa = PBXFileReference; lastKnownFileType = sourcecode.swift; path = "StackView + Extension.swift"; sourceTree = "<group>"; };
/* End PBXFileReference section */

/* Begin PBXFrameworksBuildPhase section */
		84DDBD5B279090D6004386DB /* Frameworks */ = {
			isa = PBXFrameworksBuildPhase;
			buildActionMask = 2147483647;
			files = (
			);
			runOnlyForDeploymentPostprocessing = 0;
		};
/* End PBXFrameworksBuildPhase section */

/* Begin PBXGroup section */
		845B589727973B8600A543B6 /* SignIn&Auth */ = {
			isa = PBXGroup;
			children = (
				84DDBD65279090D6004386DB /* AuthViewController.swift */,
				845B58892796E13900A543B6 /* SignUpViewController.swift */,
				845B588D279707DB00A543B6 /* LoginViewController.swift */,
				845B588F27970FEE00A543B6 /* SetupProfileViewContoller.swift */,
			);
			path = "SignIn&Auth";
			sourceTree = "<group>";
		};
		845B589827973BA800A543B6 /* Controllers */ = {
			isa = PBXGroup;
			children = (
				845B589927973BCE00A543B6 /* MainTabBarController.swift */,
				845B58952797398A00A543B6 /* ListViewController.swift */,
				845B589B27973C0500A543B6 /* PeopleViewController.swift */,
			);
			path = Controllers;
			sourceTree = "<group>";
		};
		84DDBD55279090D6004386DB = {
			isa = PBXGroup;
			children = (
				84DDBD60279090D6004386DB /* iChat */,
				84DDBD5F279090D6004386DB /* Products */,
			);
			sourceTree = "<group>";
		};
		84DDBD5F279090D6004386DB /* Products */ = {
			isa = PBXGroup;
			children = (
				84DDBD5E279090D6004386DB /* iChat.app */,
			);
			name = Products;
			sourceTree = "<group>";
		};
		84DDBD60279090D6004386DB /* iChat */ = {
			isa = PBXGroup;
			children = (
				84DDBD61279090D6004386DB /* AppDelegate.swift */,
				84DDBD63279090D6004386DB /* SceneDelegate.swift */,
				845B589827973BA800A543B6 /* Controllers */,
				845B589727973B8600A543B6 /* SignIn&Auth */,
				84DDBD802790A981004386DB /* Extensions */,
				84DDBD6A279090DA004386DB /* Assets.xcassets */,
				84DDBD6C279090DA004386DB /* LaunchScreen.storyboard */,
				84DDBD6F279090DA004386DB /* Info.plist */,
			);
			path = iChat;
			sourceTree = "<group>";
		};
		84DDBD7F2790A975004386DB /* UIKit */ = {
			isa = PBXGroup;
			children = (
				84DDBD7B2790A7A4004386DB /* UILabel + Extension.swift */,
				84DDBD792790A29A004386DB /* UIColor + Extension.swift */,
				84DDBD772790A1D4004386DB /* UIFont + Extension.swift */,
				84DDBD7527909F60004386DB /* UIButton + Extension.swift */,
				84DDBD7D2790A84C004386DB /* UIImageView + Extension.swift */,
				84DDBD832790BA3F004386DB /* StackView + Extension.swift */,
				845B5893279725C700A543B6 /* SegmentedControl + Extensions.swift */,
			);
			path = UIKit;
			sourceTree = "<group>";
		};
		84DDBD802790A981004386DB /* Extensions */ = {
			isa = PBXGroup;
			children = (
				845B58912797129300A543B6 /* AddPhotoView.swift */,
				84DDBD812790B131004386DB /* ButtonFormView.swift */,
				845B588B2796E53100A543B6 /* OneLineTextField.swift */,
				84DDBD7F2790A975004386DB /* UIKit */,
			);
			path = Extensions;
			sourceTree = "<group>";
		};
/* End PBXGroup section */

/* Begin PBXNativeTarget section */
		84DDBD5D279090D6004386DB /* iChat */ = {
			isa = PBXNativeTarget;
			buildConfigurationList = 84DDBD72279090DA004386DB /* Build configuration list for PBXNativeTarget "iChat" */;
			buildPhases = (
				84DDBD5A279090D6004386DB /* Sources */,
				84DDBD5B279090D6004386DB /* Frameworks */,
				84DDBD5C279090D6004386DB /* Resources */,
			);
			buildRules = (
			);
			dependencies = (
			);
			name = iChat;
			productName = iChat;
			productReference = 84DDBD5E279090D6004386DB /* iChat.app */;
			productType = "com.apple.product-type.application";
		};
/* End PBXNativeTarget section */

/* Begin PBXProject section */
		84DDBD56279090D6004386DB /* Project object */ = {
			isa = PBXProject;
			attributes = {
				BuildIndependentTargetsInParallel = 1;
				LastSwiftUpdateCheck = 1310;
				LastUpgradeCheck = 1310;
				TargetAttributes = {
					84DDBD5D279090D6004386DB = {
						CreatedOnToolsVersion = 13.1;
					};
				};
			};
			buildConfigurationList = 84DDBD59279090D6004386DB /* Build configuration list for PBXProject "iChat" */;
			compatibilityVersion = "Xcode 13.0";
			developmentRegion = en;
			hasScannedForEncodings = 0;
			knownRegions = (
				en,
				Base,
			);
			mainGroup = 84DDBD55279090D6004386DB;
			productRefGroup = 84DDBD5F279090D6004386DB /* Products */;
			projectDirPath = "";
			projectRoot = "";
			targets = (
				84DDBD5D279090D6004386DB /* iChat */,
			);
		};
/* End PBXProject section */

/* Begin PBXResourcesBuildPhase section */
		84DDBD5C279090D6004386DB /* Resources */ = {
			isa = PBXResourcesBuildPhase;
			buildActionMask = 2147483647;
			files = (
				84DDBD6E279090DA004386DB /* LaunchScreen.storyboard in Resources */,
				84DDBD6B279090DA004386DB /* Assets.xcassets in Resources */,
			);
			runOnlyForDeploymentPostprocessing = 0;
		};
/* End PBXResourcesBuildPhase section */

/* Begin PBXSourcesBuildPhase section */
		84DDBD5A279090D6004386DB /* Sources */ = {
			isa = PBXSourcesBuildPhase;
			buildActionMask = 2147483647;
			files = (
				845B58962797398A00A543B6 /* ListViewController.swift in Sources */,
				845B588C2796E53100A543B6 /* OneLineTextField.swift in Sources */,
				845B589A27973BCE00A543B6 /* MainTabBarController.swift in Sources */,
				845B588A2796E13900A543B6 /* SignUpViewController.swift in Sources */,
				84DDBD782790A1D4004386DB /* UIFont + Extension.swift in Sources */,
				845B589C27973C0500A543B6 /* PeopleViewController.swift in Sources */,
				84DDBD66279090D6004386DB /* AuthViewController.swift in Sources */,
				84DDBD62279090D6004386DB /* AppDelegate.swift in Sources */,
				84DDBD822790B131004386DB /* ButtonFormView.swift in Sources */,
				845B5894279725C700A543B6 /* SegmentedControl + Extensions.swift in Sources */,
				84DDBD7C2790A7A4004386DB /* UILabel + Extension.swift in Sources */,
				845B58922797129300A543B6 /* AddPhotoView.swift in Sources */,
				84DDBD7E2790A84C004386DB /* UIImageView + Extension.swift in Sources */,
				84DDBD7A2790A29A004386DB /* UIColor + Extension.swift in Sources */,
				84DDBD64279090D6004386DB /* SceneDelegate.swift in Sources */,
				84DDBD7627909F60004386DB /* UIButton + Extension.swift in Sources */,
				845B589027970FEE00A543B6 /* SetupProfileViewContoller.swift in Sources */,
				845B588E279707DB00A543B6 /* LoginViewController.swift in Sources */,
				84DDBD842790BA3F004386DB /* StackView + Extension.swift in Sources */,
			);
			runOnlyForDeploymentPostprocessing = 0;
		};
/* End PBXSourcesBuildPhase section */

/* Begin PBXVariantGroup section */
		84DDBD6C279090DA004386DB /* LaunchScreen.storyboard */ = {
			isa = PBXVariantGroup;
			children = (
				84DDBD6D279090DA004386DB /* Base */,
			);
			name = LaunchScreen.storyboard;
			sourceTree = "<group>";
		};
/* End PBXVariantGroup section */

/* Begin XCBuildConfiguration section */
		84DDBD70279090DA004386DB /* Debug */ = {
			isa = XCBuildConfiguration;
			buildSettings = {
				ALWAYS_SEARCH_USER_PATHS = NO;
				CLANG_ANALYZER_NONNULL = YES;
				CLANG_ANALYZER_NUMBER_OBJECT_CONVERSION = YES_AGGRESSIVE;
				CLANG_CXX_LANGUAGE_STANDARD = "gnu++17";
				CLANG_CXX_LIBRARY = "libc++";
				CLANG_ENABLE_MODULES = YES;
				CLANG_ENABLE_OBJC_ARC = YES;
				CLANG_ENABLE_OBJC_WEAK = YES;
				CLANG_WARN_BLOCK_CAPTURE_AUTORELEASING = YES;
				CLANG_WARN_BOOL_CONVERSION = YES;
				CLANG_WARN_COMMA = YES;
				CLANG_WARN_CONSTANT_CONVERSION = YES;
				CLANG_WARN_DEPRECATED_OBJC_IMPLEMENTATIONS = YES;
				CLANG_WARN_DIRECT_OBJC_ISA_USAGE = YES_ERROR;
				CLANG_WARN_DOCUMENTATION_COMMENTS = YES;
				CLANG_WARN_EMPTY_BODY = YES;
				CLANG_WARN_ENUM_CONVERSION = YES;
				CLANG_WARN_INFINITE_RECURSION = YES;
				CLANG_WARN_INT_CONVERSION = YES;
				CLANG_WARN_NON_LITERAL_NULL_CONVERSION = YES;
				CLANG_WARN_OBJC_IMPLICIT_RETAIN_SELF = YES;
				CLANG_WARN_OBJC_LITERAL_CONVERSION = YES;
				CLANG_WARN_OBJC_ROOT_CLASS = YES_ERROR;
				CLANG_WARN_QUOTED_INCLUDE_IN_FRAMEWORK_HEADER = YES;
				CLANG_WARN_RANGE_LOOP_ANALYSIS = YES;
				CLANG_WARN_STRICT_PROTOTYPES = YES;
				CLANG_WARN_SUSPICIOUS_MOVE = YES;
				CLANG_WARN_UNGUARDED_AVAILABILITY = YES_AGGRESSIVE;
				CLANG_WARN_UNREACHABLE_CODE = YES;
				CLANG_WARN__DUPLICATE_METHOD_MATCH = YES;
				COPY_PHASE_STRIP = NO;
				DEBUG_INFORMATION_FORMAT = dwarf;
				ENABLE_STRICT_OBJC_MSGSEND = YES;
				ENABLE_TESTABILITY = YES;
				GCC_C_LANGUAGE_STANDARD = gnu11;
				GCC_DYNAMIC_NO_PIC = NO;
				GCC_NO_COMMON_BLOCKS = YES;
				GCC_OPTIMIZATION_LEVEL = 0;
				GCC_PREPROCESSOR_DEFINITIONS = (
					"DEBUG=1",
					"$(inherited)",
				);
				GCC_WARN_64_TO_32_BIT_CONVERSION = YES;
				GCC_WARN_ABOUT_RETURN_TYPE = YES_ERROR;
				GCC_WARN_UNDECLARED_SELECTOR = YES;
				GCC_WARN_UNINITIALIZED_AUTOS = YES_AGGRESSIVE;
				GCC_WARN_UNUSED_FUNCTION = YES;
				GCC_WARN_UNUSED_VARIABLE = YES;
				IPHONEOS_DEPLOYMENT_TARGET = 15.0;
				MTL_ENABLE_DEBUG_INFO = INCLUDE_SOURCE;
				MTL_FAST_MATH = YES;
				ONLY_ACTIVE_ARCH = YES;
				SDKROOT = iphoneos;
				SWIFT_ACTIVE_COMPILATION_CONDITIONS = DEBUG;
				SWIFT_OPTIMIZATION_LEVEL = "-Onone";
			};
			name = Debug;
		};
		84DDBD71279090DA004386DB /* Release */ = {
			isa = XCBuildConfiguration;
			buildSettings = {
				ALWAYS_SEARCH_USER_PATHS = NO;
				CLANG_ANALYZER_NONNULL = YES;
				CLANG_ANALYZER_NUMBER_OBJECT_CONVERSION = YES_AGGRESSIVE;
				CLANG_CXX_LANGUAGE_STANDARD = "gnu++17";
				CLANG_CXX_LIBRARY = "libc++";
				CLANG_ENABLE_MODULES = YES;
				CLANG_ENABLE_OBJC_ARC = YES;
				CLANG_ENABLE_OBJC_WEAK = YES;
				CLANG_WARN_BLOCK_CAPTURE_AUTORELEASING = YES;
				CLANG_WARN_BOOL_CONVERSION = YES;
				CLANG_WARN_COMMA = YES;
				CLANG_WARN_CONSTANT_CONVERSION = YES;
				CLANG_WARN_DEPRECATED_OBJC_IMPLEMENTATIONS = YES;
				CLANG_WARN_DIRECT_OBJC_ISA_USAGE = YES_ERROR;
				CLANG_WARN_DOCUMENTATION_COMMENTS = YES;
				CLANG_WARN_EMPTY_BODY = YES;
				CLANG_WARN_ENUM_CONVERSION = YES;
				CLANG_WARN_INFINITE_RECURSION = YES;
				CLANG_WARN_INT_CONVERSION = YES;
				CLANG_WARN_NON_LITERAL_NULL_CONVERSION = YES;
				CLANG_WARN_OBJC_IMPLICIT_RETAIN_SELF = YES;
				CLANG_WARN_OBJC_LITERAL_CONVERSION = YES;
				CLANG_WARN_OBJC_ROOT_CLASS = YES_ERROR;
				CLANG_WARN_QUOTED_INCLUDE_IN_FRAMEWORK_HEADER = YES;
				CLANG_WARN_RANGE_LOOP_ANALYSIS = YES;
				CLANG_WARN_STRICT_PROTOTYPES = YES;
				CLANG_WARN_SUSPICIOUS_MOVE = YES;
				CLANG_WARN_UNGUARDED_AVAILABILITY = YES_AGGRESSIVE;
				CLANG_WARN_UNREACHABLE_CODE = YES;
				CLANG_WARN__DUPLICATE_METHOD_MATCH = YES;
				COPY_PHASE_STRIP = NO;
				DEBUG_INFORMATION_FORMAT = "dwarf-with-dsym";
				ENABLE_NS_ASSERTIONS = NO;
				ENABLE_STRICT_OBJC_MSGSEND = YES;
				GCC_C_LANGUAGE_STANDARD = gnu11;
				GCC_NO_COMMON_BLOCKS = YES;
				GCC_WARN_64_TO_32_BIT_CONVERSION = YES;
				GCC_WARN_ABOUT_RETURN_TYPE = YES_ERROR;
				GCC_WARN_UNDECLARED_SELECTOR = YES;
				GCC_WARN_UNINITIALIZED_AUTOS = YES_AGGRESSIVE;
				GCC_WARN_UNUSED_FUNCTION = YES;
				GCC_WARN_UNUSED_VARIABLE = YES;
				IPHONEOS_DEPLOYMENT_TARGET = 15.0;
				MTL_ENABLE_DEBUG_INFO = NO;
				MTL_FAST_MATH = YES;
				SDKROOT = iphoneos;
				SWIFT_COMPILATION_MODE = wholemodule;
				SWIFT_OPTIMIZATION_LEVEL = "-O";
				VALIDATE_PRODUCT = YES;
			};
			name = Release;
		};
		84DDBD73279090DA004386DB /* Debug */ = {
			isa = XCBuildConfiguration;
			buildSettings = {
				ASSETCATALOG_COMPILER_APPICON_NAME = AppIcon;
				ASSETCATALOG_NOTICES = YES;
				ASSETCATALOG_WARNINGS = YES;
				CODE_SIGN_STYLE = Automatic;
				CURRENT_PROJECT_VERSION = 1;
				DEVELOPMENT_TEAM = H2ZR2YRU7M;
				GENERATE_INFOPLIST_FILE = YES;
				INFOPLIST_FILE = iChat/Info.plist;
				INFOPLIST_KEY_UIApplicationSupportsIndirectInputEvents = YES;
				INFOPLIST_KEY_UILaunchStoryboardName = LaunchScreen;
				INFOPLIST_KEY_UISupportedInterfaceOrientations_iPad = "UIInterfaceOrientationPortrait UIInterfaceOrientationPortraitUpsideDown UIInterfaceOrientationLandscapeLeft UIInterfaceOrientationLandscapeRight";
				INFOPLIST_KEY_UISupportedInterfaceOrientations_iPhone = "UIInterfaceOrientationPortrait UIInterfaceOrientationLandscapeLeft UIInterfaceOrientationLandscapeRight";
				LD_RUNPATH_SEARCH_PATHS = (
					"$(inherited)",
					"@executable_path/Frameworks",
				);
				MARKETING_VERSION = 1.0;
				PRODUCT_BUNDLE_IDENTIFIER = ru.vigenjiwork.iChat;
				PRODUCT_NAME = "$(TARGET_NAME)";
				SWIFT_EMIT_LOC_STRINGS = YES;
				SWIFT_VERSION = 5.0;
				TARGETED_DEVICE_FAMILY = "1,2";
			};
			name = Debug;
		};
		84DDBD74279090DA004386DB /* Release */ = {
			isa = XCBuildConfiguration;
			buildSettings = {
				ASSETCATALOG_COMPILER_APPICON_NAME = AppIcon;
				ASSETCATALOG_NOTICES = YES;
				ASSETCATALOG_WARNINGS = YES;
				CODE_SIGN_STYLE = Automatic;
				CURRENT_PROJECT_VERSION = 1;
				DEVELOPMENT_TEAM = H2ZR2YRU7M;
				GENERATE_INFOPLIST_FILE = YES;
				INFOPLIST_FILE = iChat/Info.plist;
				INFOPLIST_KEY_UIApplicationSupportsIndirectInputEvents = YES;
				INFOPLIST_KEY_UILaunchStoryboardName = LaunchScreen;
				INFOPLIST_KEY_UISupportedInterfaceOrientations_iPad = "UIInterfaceOrientationPortrait UIInterfaceOrientationPortraitUpsideDown UIInterfaceOrientationLandscapeLeft UIInterfaceOrientationLandscapeRight";
				INFOPLIST_KEY_UISupportedInterfaceOrientations_iPhone = "UIInterfaceOrientationPortrait UIInterfaceOrientationLandscapeLeft UIInterfaceOrientationLandscapeRight";
				LD_RUNPATH_SEARCH_PATHS = (
					"$(inherited)",
					"@executable_path/Frameworks",
				);
				MARKETING_VERSION = 1.0;
				PRODUCT_BUNDLE_IDENTIFIER = ru.vigenjiwork.iChat;
				PRODUCT_NAME = "$(TARGET_NAME)";
				SWIFT_EMIT_LOC_STRINGS = YES;
				SWIFT_VERSION = 5.0;
				TARGETED_DEVICE_FAMILY = "1,2";
			};
			name = Release;
		};
/* End XCBuildConfiguration section */

/* Begin XCConfigurationList section */
		84DDBD59279090D6004386DB /* Build configuration list for PBXProject "iChat" */ = {
			isa = XCConfigurationList;
			buildConfigurations = (
				84DDBD70279090DA004386DB /* Debug */,
				84DDBD71279090DA004386DB /* Release */,
			);
			defaultConfigurationIsVisible = 0;
			defaultConfigurationName = Release;
		};
		84DDBD72279090DA004386DB /* Build configuration list for PBXNativeTarget "iChat" */ = {
			isa = XCConfigurationList;
			buildConfigurations = (
				84DDBD73279090DA004386DB /* Debug */,
				84DDBD74279090DA004386DB /* Release */,
			);
			defaultConfigurationIsVisible = 0;
			defaultConfigurationName = Release;
		};
/* End XCConfigurationList section */
	};
	rootObject = 84DDBD56279090D6004386DB /* Project object */;
}
